# THIS IS AN AUTOGENERATED FILE. DO NOT EDIT THIS FILE DIRECTLY.
# yarn lockfile v1


chrome-types@^0.1.345:
  version "0.1.345"
  resolved "https://registry.yarnpkg.com/chrome-types/-/chrome-types-0.1.345.tgz#28c64da18d160e1e3de2366c023da4608eb631ba"
  integrity sha512-yvrWj6lKVTIrWxinIZxIiT/dM/KeDZJANO2JQ4wWHwB8xNt5I0M4nDVEXX4+fNmGAuXqqZQRZH2ZJPEwmA3F1Q==
